// !$*UTF8*$!
{
	archiveVersion = 1;
	classes = {
	};
	objectVersion = 56;
	objects = {

/* Begin PBXBuildFile section */
		B7F338722976F94800E3A267 /* AppDelegate.swift in Sources */ = {isa = PBXBuildFile; fileRef = B7F338712976F94800E3A267 /* AppDelegate.swift */; };
		B7F338742976F94800E3A267 /* SceneDelegate.swift in Sources */ = {isa = PBXBuildFile; fileRef = B7F338732976F94800E3A267 /* SceneDelegate.swift */; };
		B7F3387C2976F94800E3A267 /* Daily_App.xcdatamodeld in Sources */ = {isa = PBXBuildFile; fileRef = B7F3387A2976F94800E3A267 /* Daily_App.xcdatamodeld */; };
		B7F3387E2976F94900E3A267 /* Assets.xcassets in Resources */ = {isa = PBXBuildFile; fileRef = B7F3387D2976F94900E3A267 /* Assets.xcassets */; };
		B7F338812976F94900E3A267 /* LaunchScreen.storyboard in Resources */ = {isa = PBXBuildFile; fileRef = B7F3387F2976F94900E3A267 /* LaunchScreen.storyboard */; };
		B7F3388E2976F9CD00E3A267 /* HomeVC.swift in Sources */ = {isa = PBXBuildFile; fileRef = B7F3388C2976F9CD00E3A267 /* HomeVC.swift */; };
		B7F3388F2976F9CD00E3A267 /* HomeVC.xib in Resources */ = {isa = PBXBuildFile; fileRef = B7F3388D2976F9CD00E3A267 /* HomeVC.xib */; };
		B7F338932976FBA000E3A267 /* HomeVM.swift in Sources */ = {isa = PBXBuildFile; fileRef = B7F338922976FBA000E3A267 /* HomeVM.swift */; };
		B7F338962976FCA000E3A267 /* HomeCell.swift in Sources */ = {isa = PBXBuildFile; fileRef = B7F338952976FCA000E3A267 /* HomeCell.swift */; };
		B7F338982976FCA800E3A267 /* HomeCell.xib in Resources */ = {isa = PBXBuildFile; fileRef = B7F338972976FCA800E3A267 /* HomeCell.xib */; };
		B7F3389D29770AC000E3A267 /* CoreData Manager.swift in Sources */ = {isa = PBXBuildFile; fileRef = B7F3389C29770AC000E3A267 /* CoreData Manager.swift */; };
		B7F3389F29770AD100E3A267 /* DailyModel.swift in Sources */ = {isa = PBXBuildFile; fileRef = B7F3389E29770AD100E3A267 /* DailyModel.swift */; };
		B7F338A32977100C00E3A267 /* CreateDailyVC.swift in Sources */ = {isa = PBXBuildFile; fileRef = B7F338A12977100C00E3A267 /* CreateDailyVC.swift */; };
		B7F338A42977100C00E3A267 /* CreateDailyVC.xib in Resources */ = {isa = PBXBuildFile; fileRef = B7F338A22977100C00E3A267 /* CreateDailyVC.xib */; };
/* End PBXBuildFile section */

/* Begin PBXFileReference section */
		B7F3386E2976F94800E3A267 /* Daily App.app */ = {isa = PBXFileReference; explicitFileType = wrapper.application; includeInIndex = 0; path = "Daily App.app"; sourceTree = BUILT_PRODUCTS_DIR; };
		B7F338712976F94800E3A267 /* AppDelegate.swift */ = {isa = PBXFileReference; lastKnownFileType = sourcecode.swift; path = AppDelegate.swift; sourceTree = "<group>"; };
		B7F338732976F94800E3A267 /* SceneDelegate.swift */ = {isa = PBXFileReference; lastKnownFileType = sourcecode.swift; path = SceneDelegate.swift; sourceTree = "<group>"; };
		B7F3387B2976F94800E3A267 /* Daily_App.xcdatamodel */ = {isa = PBXFileReference; lastKnownFileType = wrapper.xcdatamodel; path = Daily_App.xcdatamodel; sourceTree = "<group>"; };
		B7F3387D2976F94900E3A267 /* Assets.xcassets */ = {isa = PBXFileReference; lastKnownFileType = folder.assetcatalog; path = Assets.xcassets; sourceTree = "<group>"; };
		B7F338802976F94900E3A267 /* Base */ = {isa = PBXFileReference; lastKnownFileType = file.storyboard; name = Base; path = Base.lproj/LaunchScreen.storyboard; sourceTree = "<group>"; };
		B7F338822976F94900E3A267 /* Info.plist */ = {isa = PBXFileReference; lastKnownFileType = text.plist.xml; path = Info.plist; sourceTree = "<group>"; };
		B7F3388C2976F9CD00E3A267 /* HomeVC.swift */ = {isa = PBXFileReference; lastKnownFileType = sourcecode.swift; path = HomeVC.swift; sourceTree = "<group>"; };
		B7F3388D2976F9CD00E3A267 /* HomeVC.xib */ = {isa = PBXFileReference; lastKnownFileType = file.xib; path = HomeVC.xib; sourceTree = "<group>"; };
		B7F338922976FBA000E3A267 /* HomeVM.swift */ = {isa = PBXFileReference; lastKnownFileType = sourcecode.swift; path = HomeVM.swift; sourceTree = "<group>"; };
		B7F338952976FCA000E3A267 /* HomeCell.swift */ = {isa = PBXFileReference; lastKnownFileType = sourcecode.swift; path = HomeCell.swift; sourceTree = "<group>"; };
		B7F338972976FCA800E3A267 /* HomeCell.xib */ = {isa = PBXFileReference; lastKnownFileType = file.xib; path = HomeCell.xib; sourceTree = "<group>"; };
		B7F3389C29770AC000E3A267 /* CoreData Manager.swift */ = {isa = PBXFileReference; lastKnownFileType = sourcecode.swift; path = "CoreData Manager.swift"; sourceTree = "<group>"; };
		B7F3389E29770AD100E3A267 /* DailyModel.swift */ = {isa = PBXFileReference; lastKnownFileType = sourcecode.swift; path = DailyModel.swift; sourceTree = "<group>"; };
		B7F338A12977100C00E3A267 /* CreateDailyVC.swift */ = {isa = PBXFileReference; lastKnownFileType = sourcecode.swift; path = CreateDailyVC.swift; sourceTree = "<group>"; };
		B7F338A22977100C00E3A267 /* CreateDailyVC.xib */ = {isa = PBXFileReference; lastKnownFileType = file.xib; path = CreateDailyVC.xib; sourceTree = "<group>"; };
/* End PBXFileReference section */

/* Begin PBXFrameworksBuildPhase section */
		B7F3386B2976F94800E3A267 /* Frameworks */ = {
			isa = PBXFrameworksBuildPhase;
			buildActionMask = 2147483647;
			files = (
			);
			runOnlyForDeploymentPostprocessing = 0;
		};
/* End PBXFrameworksBuildPhase section */

/* Begin PBXGroup section */
		B7F338652976F94800E3A267 = {
			isa = PBXGroup;
			children = (
				B7F338702976F94800E3A267 /* Daily App */,
				B7F3386F2976F94800E3A267 /* Products */,
			);
			sourceTree = "<group>";
		};
		B7F3386F2976F94800E3A267 /* Products */ = {
			isa = PBXGroup;
			children = (
				B7F3386E2976F94800E3A267 /* Daily App.app */,
			);
			name = Products;
			sourceTree = "<group>";
		};
		B7F338702976F94800E3A267 /* Daily App */ = {
			isa = PBXGroup;
			children = (
				B7F3389B2977097700E3A267 /* Helpers */,
				B7F3389A2977097200E3A267 /* Model */,
				B7F338992977096C00E3A267 /* Extensions */,
				B7F3388A2976F97500E3A267 /* Assets */,
				B7F338882976F95500E3A267 /* App */,
				B7F338892976F95D00E3A267 /* UI */,
			);
			path = "Daily App";
			sourceTree = "<group>";
		};
		B7F338882976F95500E3A267 /* App */ = {
			isa = PBXGroup;
			children = (
				B7F338712976F94800E3A267 /* AppDelegate.swift */,
				B7F338732976F94800E3A267 /* SceneDelegate.swift */,
				B7F338822976F94900E3A267 /* Info.plist */,
				B7F3387A2976F94800E3A267 /* Daily_App.xcdatamodeld */,
			);
			path = App;
			sourceTree = "<group>";
		};
		B7F338892976F95D00E3A267 /* UI */ = {
			isa = PBXGroup;
			children = (
				B7F338A029770FF700E3A267 /* CreateDaily */,
				B7F3388B2976F9A800E3A267 /* Home */,
				B7F3387F2976F94900E3A267 /* LaunchScreen.storyboard */,
			);
			path = UI;
			sourceTree = "<group>";
		};
		B7F3388A2976F97500E3A267 /* Assets */ = {
			isa = PBXGroup;
			children = (
				B7F3387D2976F94900E3A267 /* Assets.xcassets */,
			);
			path = Assets;
			sourceTree = "<group>";
		};
		B7F3388B2976F9A800E3A267 /* Home */ = {
			isa = PBXGroup;
			children = (
				B7F3388C2976F9CD00E3A267 /* HomeVC.swift */,
				B7F3388D2976F9CD00E3A267 /* HomeVC.xib */,
				B7F338922976FBA000E3A267 /* HomeVM.swift */,
				B7F338942976FC8F00E3A267 /* Cell */,
			);
			path = Home;
			sourceTree = "<group>";
		};
		B7F338942976FC8F00E3A267 /* Cell */ = {
			isa = PBXGroup;
			children = (
				B7F338952976FCA000E3A267 /* HomeCell.swift */,
				B7F338972976FCA800E3A267 /* HomeCell.xib */,
			);
			path = Cell;
			sourceTree = "<group>";
		};
		B7F338992977096C00E3A267 /* Extensions */ = {
			isa = PBXGroup;
			children = (
			);
			path = Extensions;
			sourceTree = "<group>";
		};
		B7F3389A2977097200E3A267 /* Model */ = {
			isa = PBXGroup;
			children = (
				B7F3389E29770AD100E3A267 /* DailyModel.swift */,
			);
			path = Model;
			sourceTree = "<group>";
		};
		B7F3389B2977097700E3A267 /* Helpers */ = {
			isa = PBXGroup;
			children = (
				B7F3389C29770AC000E3A267 /* CoreData Manager.swift */,
			);
			path = Helpers;
			sourceTree = "<group>";
		};
		B7F338A029770FF700E3A267 /* CreateDaily */ = {
			isa = PBXGroup;
			children = (
				B7F338A12977100C00E3A267 /* CreateDailyVC.swift */,
				B7F338A22977100C00E3A267 /* CreateDailyVC.xib */,
			);
			path = CreateDaily;
			sourceTree = "<group>";
		};
/* End PBXGroup section */

/* Begin PBXNativeTarget section */
		B7F3386D2976F94800E3A267 /* Daily App */ = {
			isa = PBXNativeTarget;
			buildConfigurationList = B7F338852976F94900E3A267 /* Build configuration list for PBXNativeTarget "Daily App" */;
			buildPhases = (
				B7F3386A2976F94800E3A267 /* Sources */,
				B7F3386B2976F94800E3A267 /* Frameworks */,
				B7F3386C2976F94800E3A267 /* Resources */,
			);
			buildRules = (
			);
			dependencies = (
			);
			name = "Daily App";
			productName = "Daily App";
			productReference = B7F3386E2976F94800E3A267 /* Daily App.app */;
			productType = "com.apple.product-type.application";
		};
/* End PBXNativeTarget section */

/* Begin PBXProject section */
		B7F338662976F94800E3A267 /* Project object */ = {
			isa = PBXProject;
			attributes = {
				BuildIndependentTargetsInParallel = 1;
				LastSwiftUpdateCheck = 1420;
				LastUpgradeCheck = 1420;
				TargetAttributes = {
					B7F3386D2976F94800E3A267 = {
						CreatedOnToolsVersion = 14.2;
					};
				};
			};
			buildConfigurationList = B7F338692976F94800E3A267 /* Build configuration list for PBXProject "Daily App" */;
			compatibilityVersion = "Xcode 14.0";
			developmentRegion = en;
			hasScannedForEncodings = 0;
			knownRegions = (
				en,
				Base,
			);
			mainGroup = B7F338652976F94800E3A267;
			productRefGroup = B7F3386F2976F94800E3A267 /* Products */;
			projectDirPath = "";
			projectRoot = "";
			targets = (
				B7F3386D2976F94800E3A267 /* Daily App */,
			);
		};
/* End PBXProject section */

/* Begin PBXResourcesBuildPhase section */
		B7F3386C2976F94800E3A267 /* Resources */ = {
			isa = PBXResourcesBuildPhase;
			buildActionMask = 2147483647;
			files = (
				B7F338812976F94900E3A267 /* LaunchScreen.storyboard in Resources */,
				B7F3388F2976F9CD00E3A267 /* HomeVC.xib in Resources */,
				B7F338A42977100C00E3A267 /* CreateDailyVC.xib in Resources */,
				B7F338982976FCA800E3A267 /* HomeCell.xib in Resources */,
				B7F3387E2976F94900E3A267 /* Assets.xcassets in Resources */,
			);
			runOnlyForDeploymentPostprocessing = 0;
		};
/* End PBXResourcesBuildPhase section */

/* Begin PBXSourcesBuildPhase section */
		B7F3386A2976F94800E3A267 /* Sources */ = {
			isa = PBXSourcesBuildPhase;
			buildActionMask = 2147483647;
			files = (
				B7F3387C2976F94800E3A267 /* Daily_App.xcdatamodeld in Sources */,
				B7F338932976FBA000E3A267 /* HomeVM.swift in Sources */,
				B7F3388E2976F9CD00E3A267 /* HomeVC.swift in Sources */,
				B7F338722976F94800E3A267 /* AppDelegate.swift in Sources */,
				B7F3389D29770AC000E3A267 /* CoreData Manager.swift in Sources */,
				B7F338962976FCA000E3A267 /* HomeCell.swift in Sources */,
				B7F338742976F94800E3A267 /* SceneDelegate.swift in Sources */,
				B7F338A32977100C00E3A267 /* CreateDailyVC.swift in Sources */,
				B7F3389F29770AD100E3A267 /* DailyModel.swift in Sources */,
			);
			runOnlyForDeploymentPostprocessing = 0;
		};
/* End PBXSourcesBuildPhase section */

/* Begin PBXVariantGroup section */
		B7F3387F2976F94900E3A267 /* LaunchScreen.storyboard */ = {
			isa = PBXVariantGroup;
			children = (
				B7F338802976F94900E3A267 /* Base */,
			);
			name = LaunchScreen.storyboard;
			sourceTree = "<group>";
		};
/* End PBXVariantGroup section */

/* Begin XCBuildConfiguration section */
		B7F338832976F94900E3A267 /* Debug */ = {
			isa = XCBuildConfiguration;
			buildSettings = {
				ALWAYS_SEARCH_USER_PATHS = NO;
				CLANG_ANALYZER_NONNULL = YES;
				CLANG_ANALYZER_NUMBER_OBJECT_CONVERSION = YES_AGGRESSIVE;
				CLANG_CXX_LANGUAGE_STANDARD = "gnu++20";
				CLANG_ENABLE_MODULES = YES;
				CLANG_ENABLE_OBJC_ARC = YES;
				CLANG_ENABLE_OBJC_WEAK = YES;
				CLANG_WARN_BLOCK_CAPTURE_AUTORELEASING = YES;
				CLANG_WARN_BOOL_CONVERSION = YES;
				CLANG_WARN_COMMA = YES;
				CLANG_WARN_CONSTANT_CONVERSION = YES;
				CLANG_WARN_DEPRECATED_OBJC_IMPLEMENTATIONS = YES;
				CLANG_WARN_DIRECT_OBJC_ISA_USAGE = YES_ERROR;
				CLANG_WARN_DOCUMENTATION_COMMENTS = YES;
				CLANG_WARN_EMPTY_BODY = YES;
				CLANG_WARN_ENUM_CONVERSION = YES;
				CLANG_WARN_INFINITE_RECURSION = YES;
				CLANG_WARN_INT_CONVERSION = YES;
				CLANG_WARN_NON_LITERAL_NULL_CONVERSION = YES;
				CLANG_WARN_OBJC_IMPLICIT_RETAIN_SELF = YES;
				CLANG_WARN_OBJC_LITERAL_CONVERSION = YES;
				CLANG_WARN_OBJC_ROOT_CLASS = YES_ERROR;
				CLANG_WARN_QUOTED_INCLUDE_IN_FRAMEWORK_HEADER = YES;
				CLANG_WARN_RANGE_LOOP_ANALYSIS = YES;
				CLANG_WARN_STRICT_PROTOTYPES = YES;
				CLANG_WARN_SUSPICIOUS_MOVE = YES;
				CLANG_WARN_UNGUARDED_AVAILABILITY = YES_AGGRESSIVE;
				CLANG_WARN_UNREACHABLE_CODE = YES;
				CLANG_WARN__DUPLICATE_METHOD_MATCH = YES;
				COPY_PHASE_STRIP = NO;
				DEBUG_INFORMATION_FORMAT = dwarf;
				ENABLE_STRICT_OBJC_MSGSEND = YES;
				ENABLE_TESTABILITY = YES;
				GCC_C_LANGUAGE_STANDARD = gnu11;
				GCC_DYNAMIC_NO_PIC = NO;
				GCC_NO_COMMON_BLOCKS = YES;
				GCC_OPTIMIZATION_LEVEL = 0;
				GCC_PREPROCESSOR_DEFINITIONS = (
					"DEBUG=1",
					"$(inherited)",
				);
				GCC_WARN_64_TO_32_BIT_CONVERSION = YES;
				GCC_WARN_ABOUT_RETURN_TYPE = YES_ERROR;
				GCC_WARN_UNDECLARED_SELECTOR = YES;
				GCC_WARN_UNINITIALIZED_AUTOS = YES_AGGRESSIVE;
				GCC_WARN_UNUSED_FUNCTION = YES;
				GCC_WARN_UNUSED_VARIABLE = YES;
				IPHONEOS_DEPLOYMENT_TARGET = 16.2;
				MTL_ENABLE_DEBUG_INFO = INCLUDE_SOURCE;
				MTL_FAST_MATH = YES;
				ONLY_ACTIVE_ARCH = YES;
				SDKROOT = iphoneos;
				SWIFT_ACTIVE_COMPILATION_CONDITIONS = DEBUG;
				SWIFT_OPTIMIZATION_LEVEL = "-Onone";
			};
			name = Debug;
		};
		B7F338842976F94900E3A267 /* Release */ = {
			isa = XCBuildConfiguration;
			buildSettings = {
				ALWAYS_SEARCH_USER_PATHS = NO;
				CLANG_ANALYZER_NONNULL = YES;
				CLANG_ANALYZER_NUMBER_OBJECT_CONVERSION = YES_AGGRESSIVE;
				CLANG_CXX_LANGUAGE_STANDARD = "gnu++20";
				CLANG_ENABLE_MODULES = YES;
				CLANG_ENABLE_OBJC_ARC = YES;
				CLANG_ENABLE_OBJC_WEAK = YES;
				CLANG_WARN_BLOCK_CAPTURE_AUTORELEASING = YES;
				CLANG_WARN_BOOL_CONVERSION = YES;
				CLANG_WARN_COMMA = YES;
				CLANG_WARN_CONSTANT_CONVERSION = YES;
				CLANG_WARN_DEPRECATED_OBJC_IMPLEMENTATIONS = YES;
				CLANG_WARN_DIRECT_OBJC_ISA_USAGE = YES_ERROR;
				CLANG_WARN_DOCUMENTATION_COMMENTS = YES;
				CLANG_WARN_EMPTY_BODY = YES;
				CLANG_WARN_ENUM_CONVERSION = YES;
				CLANG_WARN_INFINITE_RECURSION = YES;
				CLANG_WARN_INT_CONVERSION = YES;
				CLANG_WARN_NON_LITERAL_NULL_CONVERSION = YES;
				CLANG_WARN_OBJC_IMPLICIT_RETAIN_SELF = YES;
				CLANG_WARN_OBJC_LITERAL_CONVERSION = YES;
				CLANG_WARN_OBJC_ROOT_CLASS = YES_ERROR;
				CLANG_WARN_QUOTED_INCLUDE_IN_FRAMEWORK_HEADER = YES;
				CLANG_WARN_RANGE_LOOP_ANALYSIS = YES;
				CLANG_WARN_STRICT_PROTOTYPES = YES;
				CLANG_WARN_SUSPICIOUS_MOVE = YES;
				CLANG_WARN_UNGUARDED_AVAILABILITY = YES_AGGRESSIVE;
				CLANG_WARN_UNREACHABLE_CODE = YES;
				CLANG_WARN__DUPLICATE_METHOD_MATCH = YES;
				COPY_PHASE_STRIP = NO;
				DEBUG_INFORMATION_FORMAT = "dwarf-with-dsym";
				ENABLE_NS_ASSERTIONS = NO;
				ENABLE_STRICT_OBJC_MSGSEND = YES;
				GCC_C_LANGUAGE_STANDARD = gnu11;
				GCC_NO_COMMON_BLOCKS = YES;
				GCC_WARN_64_TO_32_BIT_CONVERSION = YES;
				GCC_WARN_ABOUT_RETURN_TYPE = YES_ERROR;
				GCC_WARN_UNDECLARED_SELECTOR = YES;
				GCC_WARN_UNINITIALIZED_AUTOS = YES_AGGRESSIVE;
				GCC_WARN_UNUSED_FUNCTION = YES;
				GCC_WARN_UNUSED_VARIABLE = YES;
				IPHONEOS_DEPLOYMENT_TARGET = 16.2;
				MTL_ENABLE_DEBUG_INFO = NO;
				MTL_FAST_MATH = YES;
				SDKROOT = iphoneos;
				SWIFT_COMPILATION_MODE = wholemodule;
				SWIFT_OPTIMIZATION_LEVEL = "-O";
				VALIDATE_PRODUCT = YES;
			};
			name = Release;
		};
		B7F338862976F94900E3A267 /* Debug */ = {
			isa = XCBuildConfiguration;
			buildSettings = {
				ASSETCATALOG_COMPILER_APPICON_NAME = AppIcon;
				ASSETCATALOG_COMPILER_GLOBAL_ACCENT_COLOR_NAME = AccentColor;
				CODE_SIGN_STYLE = Automatic;
				CURRENT_PROJECT_VERSION = 1;
				DEVELOPMENT_TEAM = L24C9CN3G6;
				GENERATE_INFOPLIST_FILE = YES;
				INFOPLIST_FILE = "Daily App/App/Info.plist";
				INFOPLIST_KEY_UIApplicationSupportsIndirectInputEvents = YES;
				INFOPLIST_KEY_UILaunchStoryboardName = LaunchScreen;
				INFOPLIST_KEY_UISupportedInterfaceOrientations_iPad = "UIInterfaceOrientationPortrait UIInterfaceOrientationPortraitUpsideDown UIInterfaceOrientationLandscapeLeft UIInterfaceOrientationLandscapeRight";
				INFOPLIST_KEY_UISupportedInterfaceOrientations_iPhone = "UIInterfaceOrientationPortrait UIInterfaceOrientationLandscapeLeft UIInterfaceOrientationLandscapeRight";
				LD_RUNPATH_SEARCH_PATHS = (
					"$(inherited)",
					"@executable_path/Frameworks",
				);
				MARKETING_VERSION = 1.0;
				PRODUCT_BUNDLE_IDENTIFIER = "HakanAdanur.Daily-App";
				PRODUCT_NAME = "$(TARGET_NAME)";
				SWIFT_EMIT_LOC_STRINGS = YES;
				SWIFT_VERSION = 5.0;
				TARGETED_DEVICE_FAMILY = "1,2";
			};
			name = Debug;
		};
		B7F338872976F94900E3A267 /* Release */ = {
			isa = XCBuildConfiguration;
			buildSettings = {
				ASSETCATALOG_COMPILER_APPICON_NAME = AppIcon;
				ASSETCATALOG_COMPILER_GLOBAL_ACCENT_COLOR_NAME = AccentColor;
				CODE_SIGN_STYLE = Automatic;
				CURRENT_PROJECT_VERSION = 1;
				DEVELOPMENT_TEAM = L24C9CN3G6;
				GENERATE_INFOPLIST_FILE = YES;
				INFOPLIST_FILE = "Daily App/App/Info.plist";
				INFOPLIST_KEY_UIApplicationSupportsIndirectInputEvents = YES;
				INFOPLIST_KEY_UILaunchStoryboardName = LaunchScreen;
				INFOPLIST_KEY_UISupportedInterfaceOrientations_iPad = "UIInterfaceOrientationPortrait UIInterfaceOrientationPortraitUpsideDown UIInterfaceOrientationLandscapeLeft UIInterfaceOrientationLandscapeRight";
				INFOPLIST_KEY_UISupportedInterfaceOrientations_iPhone = "UIInterfaceOrientationPortrait UIInterfaceOrientationLandscapeLeft UIInterfaceOrientationLandscapeRight";
				LD_RUNPATH_SEARCH_PATHS = (
					"$(inherited)",
					"@executable_path/Frameworks",
				);
				MARKETING_VERSION = 1.0;
				PRODUCT_BUNDLE_IDENTIFIER = "HakanAdanur.Daily-App";
				PRODUCT_NAME = "$(TARGET_NAME)";
				SWIFT_EMIT_LOC_STRINGS = YES;
				SWIFT_VERSION = 5.0;
				TARGETED_DEVICE_FAMILY = "1,2";
			};
			name = Release;
		};
/* End XCBuildConfiguration section */

/* Begin XCConfigurationList section */
		B7F338692976F94800E3A267 /* Build configuration list for PBXProject "Daily App" */ = {
			isa = XCConfigurationList;
			buildConfigurations = (
				B7F338832976F94900E3A267 /* Debug */,
				B7F338842976F94900E3A267 /* Release */,
			);
			defaultConfigurationIsVisible = 0;
			defaultConfigurationName = Release;
		};
		B7F338852976F94900E3A267 /* Build configuration list for PBXNativeTarget "Daily App" */ = {
			isa = XCConfigurationList;
			buildConfigurations = (
				B7F338862976F94900E3A267 /* Debug */,
				B7F338872976F94900E3A267 /* Release */,
			);
			defaultConfigurationIsVisible = 0;
			defaultConfigurationName = Release;
		};
/* End XCConfigurationList section */

/* Begin XCVersionGroup section */
		B7F3387A2976F94800E3A267 /* Daily_App.xcdatamodeld */ = {
			isa = XCVersionGroup;
			children = (
				B7F3387B2976F94800E3A267 /* Daily_App.xcdatamodel */,
			);
			currentVersion = B7F3387B2976F94800E3A267 /* Daily_App.xcdatamodel */;
			path = Daily_App.xcdatamodeld;
			sourceTree = "<group>";
			versionGroupType = wrapper.xcdatamodel;
		};
/* End XCVersionGroup section */
	};
	rootObject = B7F338662976F94800E3A267 /* Project object */;
}
